
Microsoft Visual Studio Solution File, Format Version 12.00
# Visual Studio 2012
Project("{FAE04EC0-301F-11D3-BF4B-00C04F79EFBC}") = "mediocreweb", "mediocreweb\mediocreweb.csproj", "{95CE16E2-24AC-4B9D-9B5C-B5089CD5EC53}"
EndProject
Project("{2150E333-8FDC-42A3-9474-1A3956D46DE8}") = ".nuget", ".nuget", "{24B48338-60E6-41ED-9120-EC157178A81B}"
	ProjectSection(SolutionItems) = preProject
		.nuget\NuGet.Config = .nuget\NuGet.Config
		.nuget\NuGet.exe = .nuget\NuGet.exe
		.nuget\NuGet.targets = .nuget\NuGet.targets
	EndProjectSection
EndProject
Project("{2150E333-8FDC-42A3-9474-1A3956D46DE8}") = "CodeContracts", "CodeContracts", "{0002ED63-9B2B-4A54-A5FC-B9B5360459D4}"
EndProject
Project("{FAE04EC0-301F-11D3-BF4B-00C04F79EFBC}") = "CCSnippets", "CodeContracts\CCSnippets\CCSnippets.csproj", "{27421961-8CC2-4BD9-99EA-F0FC26F4D1B6}"
EndProject
Project("{FAE04EC0-301F-11D3-BF4B-00C04F79EFBC}") = "VertesaurSays", "CodeContracts\VertesaurSays\VertesaurSays.csproj", "{F662CE66-D61E-4852-BC58-FE5E88B5E891}"
EndProject
Global
	GlobalSection(SolutionConfigurationPlatforms) = preSolution
		Debug|Any CPU = Debug|Any CPU
		DebugCC|Any CPU = DebugCC|Any CPU
		Release|Any CPU = Release|Any CPU
	EndGlobalSection
	GlobalSection(ProjectConfigurationPlatforms) = postSolution
		{95CE16E2-24AC-4B9D-9B5C-B5089CD5EC53}.Debug|Any CPU.ActiveCfg = Debug|Any CPU
		{95CE16E2-24AC-4B9D-9B5C-B5089CD5EC53}.Debug|Any CPU.Build.0 = Debug|Any CPU
		{95CE16E2-24AC-4B9D-9B5C-B5089CD5EC53}.DebugCC|Any CPU.ActiveCfg = DebugCC|Any CPU
		{95CE16E2-24AC-4B9D-9B5C-B5089CD5EC53}.DebugCC|Any CPU.Build.0 = DebugCC|Any CPU
		{95CE16E2-24AC-4B9D-9B5C-B5089CD5EC53}.Release|Any CPU.ActiveCfg = Release|Any CPU
		{95CE16E2-24AC-4B9D-9B5C-B5089CD5EC53}.Release|Any CPU.Build.0 = Release|Any CPU
		{27421961-8CC2-4BD9-99EA-F0FC26F4D1B6}.Debug|Any CPU.ActiveCfg = Debug|Any CPU
		{27421961-8CC2-4BD9-99EA-F0FC26F4D1B6}.Debug|Any CPU.Build.0 = Debug|Any CPU
		{27421961-8CC2-4BD9-99EA-F0FC26F4D1B6}.DebugCC|Any CPU.ActiveCfg = DebugCC|Any CPU
		{27421961-8CC2-4BD9-99EA-F0FC26F4D1B6}.DebugCC|Any CPU.Build.0 = DebugCC|Any CPU
		{27421961-8CC2-4BD9-99EA-F0FC26F4D1B6}.Release|Any CPU.ActiveCfg = Release|Any CPU
		{27421961-8CC2-4BD9-99EA-F0FC26F4D1B6}.Release|Any CPU.Build.0 = Release|Any CPU
		{F662CE66-D61E-4852-BC58-FE5E88B5E891}.Debug|Any CPU.ActiveCfg = Debug|Any CPU
		{F662CE66-D61E-4852-BC58-FE5E88B5E891}.Debug|Any CPU.Build.0 = Debug|Any CPU
		{F662CE66-D61E-4852-BC58-FE5E88B5E891}.DebugCC|Any CPU.ActiveCfg = DebugCC|Any CPU
		{F662CE66-D61E-4852-BC58-FE5E88B5E891}.DebugCC|Any CPU.Build.0 = DebugCC|Any CPU
		{F662CE66-D61E-4852-BC58-FE5E88B5E891}.Release|Any CPU.ActiveCfg = Release|Any CPU
		{F662CE66-D61E-4852-BC58-FE5E88B5E891}.Release|Any CPU.Build.0 = Release|Any CPU
	EndGlobalSection
	GlobalSection(SolutionProperties) = preSolution
		HideSolutionNode = FALSE
	EndGlobalSection
	GlobalSection(NestedProjects) = preSolution
		{27421961-8CC2-4BD9-99EA-F0FC26F4D1B6} = {0002ED63-9B2B-4A54-A5FC-B9B5360459D4}
		{F662CE66-D61E-4852-BC58-FE5E88B5E891} = {0002ED63-9B2B-4A54-A5FC-B9B5360459D4}
	EndGlobalSection
EndGlobal
